
Microsoft Visual Studio Solution File, Format Version 12.00
# Visual Studio Version 16
VisualStudioVersion = 16.0.30225.117
MinimumVisualStudioVersion = 10.0.40219.1
Project("{FAE04EC0-301F-11D3-BF4B-00C04F79EFBC}") = "EventSample4", "EventSample4.csproj", "{DB9E9D21-86D3-4B83-BFC2-45625FE9CEB5}"
EndProject
Global
	GlobalSection(SolutionConfigurationPlatforms) = preSolution
		Debug|Any CPU = Debug|Any CPU
		Release|Any CPU = Release|Any CPU
	EndGlobalSection
	GlobalSection(ProjectConfigurationPlatforms) = postSolution
		{DB9E9D21-86D3-4B83-BFC2-45625FE9CEB5}.Debug|Any CPU.ActiveCfg = Debug|Any CPU
		{DB9E9D21-86D3-4B83-BFC2-45625FE9CEB5}.Debug|Any CPU.Build.0 = Debug|Any CPU
		{DB9E9D21-86D3-4B83-BFC2-45625FE9CEB5}.Release|Any CPU.ActiveCfg = Release|Any CPU
		{DB9E9D21-86D3-4B83-BFC2-45625FE9CEB5}.Release|Any CPU.Build.0 = Release|Any CPU
	EndGlobalSection
	GlobalSection(SolutionProperties) = preSolution
		HideSolutionNode = FALSE
	EndGlobalSection
	GlobalSection(ExtensibilityGlobals) = postSolution
		SolutionGuid = {070E9EEF-270F-4DB4-B3E5-8AAC080451E9}
	EndGlobalSection
EndGlobal
