
Microsoft Visual Studio Solution File, Format Version 12.00
# Visual Studio Version 16
VisualStudioVersion = 16.0.30225.117
MinimumVisualStudioVersion = 10.0.40219.1
Project("{FAE04EC0-301F-11D3-BF4B-00C04F79EFBC}") = "MediaElement", "MediaElement.csproj", "{BBAB719F-5074-441B-A75E-3CB094FEF890}"
EndProject
Global
	GlobalSection(SolutionConfigurationPlatforms) = preSolution
		Debug|Any CPU = Debug|Any CPU
		Release|Any CPU = Release|Any CPU
	EndGlobalSection
	GlobalSection(ProjectConfigurationPlatforms) = postSolution
		{BBAB719F-5074-441B-A75E-3CB094FEF890}.Debug|Any CPU.ActiveCfg = Debug|Any CPU
		{BBAB719F-5074-441B-A75E-3CB094FEF890}.Debug|Any CPU.Build.0 = Debug|Any CPU
		{BBAB719F-5074-441B-A75E-3CB094FEF890}.Release|Any CPU.ActiveCfg = Release|Any CPU
		{BBAB719F-5074-441B-A75E-3CB094FEF890}.Release|Any CPU.Build.0 = Release|Any CPU
	EndGlobalSection
	GlobalSection(SolutionProperties) = preSolution
		HideSolutionNode = FALSE
	EndGlobalSection
	GlobalSection(ExtensibilityGlobals) = postSolution
		SolutionGuid = {F3374B5E-3CFA-45A6-AFCC-149AC0C0BF7D}
	EndGlobalSection
EndGlobal
